[[package]]
category = "main"
description = "forge (python signatures)"
name = "python-forge"
optional = false
python-versions = "*"
version = "18.6.0"

[[package]]
category = "main"
description = "List processing tools and functional utilities"
name = "toolz"
optional = false
python-versions = ">=2.7, !=3.0.*, !=3.1.*, !=3.2.*, !=3.3.*"
version = "0.10.0"

[metadata]
content-hash = "ce12cfb1c54f550894f70ce3c1cf811dd7a3f78fae9ffd92d84dad154248134a"
python-versions = "^3.7"

[metadata.hashes]
python-forge = ["bf91f9a42150d569c2e9a0d90ab60a8cbed378bdf185e5120532a3481067395c"]
toolz = ["08fdd5ef7c96480ad11c12d472de21acd32359996f69a5259299b540feba4560"]
